// !$*UTF8*$!
{
	archiveVersion = 1;
	classes = {
	};
	objectVersion = 77;
	objects = {

/* Begin PBXBuildFile section */
		5E0D1ED82FD9662F008A19CA /* AVKit.framework in Frameworks */ = {isa = PBXBuildFile; fileRef = 5E0D1ED72FD9662F008A19CA /* AVKit.framework */; };
		5E0D1F012FD9700000000A02 /* ClaudeAssets in Resources */ = {isa = PBXBuildFile; fileRef = 5E0D1F002FD9700000000A01 /* ClaudeAssets */; };
		5EA77CDE2F8639B7000178CE /* SwiftTerm in Frameworks */ = {isa = PBXBuildFile; productRef = 5EA77CDD2F8639B7000178CE /* SwiftTerm */; };
/* End PBXBuildFile section */

/* Begin PBXContainerItemProxy section */
		5EA77C992F86379B000178CE /* PBXContainerItemProxy */ = {
			isa = PBXContainerItemProxy;
			containerPortal = 5EA77C832F863799000178CE /* Project object */;
			proxyType = 1;
			remoteGlobalIDString = 5EA77C8A2F863799000178CE;
			remoteInfo = Aidea;
		};
		5EA77CA32F86379B000178CE /* PBXContainerItemProxy */ = {
			isa = PBXContainerItemProxy;
			containerPortal = 5EA77C832F863799000178CE /* Project object */;
			proxyType = 1;
			remoteGlobalIDString = 5EA77C8A2F863799000178CE;
			remoteInfo = Aidea;
		};
/* End PBXContainerItemProxy section */

/* Begin PBXFileReference section */
		5E0D1ED72FD9662F008A19CA /* AVKit.framework */ = {isa = PBXFileReference; lastKnownFileType = wrapper.framework; name = AVKit.framework; path = System/Library/Frameworks/AVKit.framework; sourceTree = SDKROOT; };
		5E0D1F002FD9700000000A01 /* ClaudeAssets */ = {isa = PBXFileReference; lastKnownFileType = folder; path = ClaudeAssets; sourceTree = "<group>"; };
		5EA77C8B2F863799000178CE /* Aidea.app */ = {isa = PBXFileReference; explicitFileType = wrapper.application; includeInIndex = 0; path = Aidea.app; sourceTree = BUILT_PRODUCTS_DIR; };
		5EA77C982F86379B000178CE /* AideaTests.xctest */ = {isa = PBXFileReference; explicitFileType = wrapper.cfbundle; includeInIndex = 0; path = AideaTests.xctest; sourceTree = BUILT_PRODUCTS_DIR; };
		5EA77CA22F86379B000178CE /* AideaUITests.xctest */ = {isa = PBXFileReference; explicitFileType = wrapper.cfbundle; includeInIndex = 0; path = AideaUITests.xctest; sourceTree = BUILT_PRODUCTS_DIR; };
/* End PBXFileReference section */

/* Begin PBXFileSystemSynchronizedRootGroup section */
		5EA77C8D2F863799000178CE /* Aidea */ = {
			isa = PBXFileSystemSynchronizedRootGroup;
			path = Aidea;
			sourceTree = "<group>";
		};
		5EA77C9B2F86379B000178CE /* AideaTests */ = {
			isa = PBXFileSystemSynchronizedRootGroup;
			path = AideaTests;
			sourceTree = "<group>";
		};
		5EA77CA52F86379B000178CE /* AideaUITests */ = {
			isa = PBXFileSystemSynchronizedRootGroup;
			path = AideaUITests;
			sourceTree = "<group>";
		};
/* End PBXFileSystemSynchronizedRootGroup section */

/* Begin PBXFrameworksBuildPhase section */
		5EA77C882F863799000178CE /* Frameworks */ = {
			isa = PBXFrameworksBuildPhase;
			buildActionMask = 2147483647;
			files = (
				5E0D1ED82FD9662F008A19CA /* AVKit.framework in Frameworks */,
				5EA77CDE2F8639B7000178CE /* SwiftTerm in Frameworks */,
			);
			runOnlyForDeploymentPostprocessing = 0;
		};
		5EA77C952F86379B000178CE /* Frameworks */ = {
			isa = PBXFrameworksBuildPhase;
			buildActionMask = 2147483647;
			files = (
			);
			runOnlyForDeploymentPostprocessing = 0;
		};
		5EA77C9F2F86379B000178CE /* Frameworks */ = {
			isa = PBXFrameworksBuildPhase;
			buildActionMask = 2147483647;
			files = (
			);
			runOnlyForDeploymentPostprocessing = 0;
		};
/* End PBXFrameworksBuildPhase section */

/* Begin PBXGroup section */
		5EA77C822F863799000178CE = {
			isa = PBXGroup;
			children = (
				5E0D1F002FD9700000000A01 /* ClaudeAssets */,
				5EA77C8D2F863799000178CE /* Aidea */,
				5EA77C9B2F86379B000178CE /* AideaTests */,
				5EA77CA52F86379B000178CE /* AideaUITests */,
				5EA77CDC2F8639B7000178CE /* Frameworks */,
				5EA77C8C2F863799000178CE /* Products */,
			);
			sourceTree = "<group>";
		};
		5EA77C8C2F863799000178CE /* Products */ = {
			isa = PBXGroup;
			children = (
				5EA77C8B2F863799000178CE /* Aidea.app */,
				5EA77C982F86379B000178CE /* AideaTests.xctest */,
				5EA77CA22F86379B000178CE /* AideaUITests.xctest */,
			);
			name = Products;
			sourceTree = "<group>";
		};
		5EA77CDC2F8639B7000178CE /* Frameworks */ = {
			isa = PBXGroup;
			children = (
				5E0D1ED72FD9662F008A19CA /* AVKit.framework */,
			);
			name = Frameworks;
			sourceTree = "<group>";
		};
/* End PBXGroup section */

/* Begin PBXNativeTarget section */
		5EA77C8A2F863799000178CE /* Aidea */ = {
			isa = PBXNativeTarget;
			buildConfigurationList = 5EA77CAC2F86379B000178CE /* Build configuration list for PBXNativeTarget "Aidea" */;
			buildPhases = (
				5EA77C872F863799000178CE /* Sources */,
				5EA77C882F863799000178CE /* Frameworks */,
				5EA77C892F863799000178CE /* Resources */,
			);
			buildRules = (
			);
			dependencies = (
			);
			fileSystemSynchronizedGroups = (
				5EA77C8D2F863799000178CE /* Aidea */,
			);
			name = Aidea;
			packageProductDependencies = (
				5EA77CDD2F8639B7000178CE /* SwiftTerm */,
			);
			productName = Aidea;
			productReference = 5EA77C8B2F863799000178CE /* Aidea.app */;
			productType = "com.apple.product-type.application";
		};
		5EA77C972F86379B000178CE /* AideaTests */ = {
			isa = PBXNativeTarget;
			buildConfigurationList = 5EA77CAF2F86379B000178CE /* Build configuration list for PBXNativeTarget "AideaTests" */;
			buildPhases = (
				5EA77C942F86379B000178CE /* Sources */,
				5EA77C952F86379B000178CE /* Frameworks */,
				5EA77C962F86379B000178CE /* Resources */,
			);
			buildRules = (
			);
			dependencies = (
				5EA77C9A2F86379B000178CE /* PBXTargetDependency */,
			);
			fileSystemSynchronizedGroups = (
				5EA77C9B2F86379B000178CE /* AideaTests */,
			);
			name = AideaTests;
			packageProductDependencies = (
			);
			productName = AideaTests;
			productReference = 5EA77C982F86379B000178CE /* AideaTests.xctest */;
			productType = "com.apple.product-type.bundle.unit-test";
		};
		5EA77CA12F86379B000178CE /* AideaUITests */ = {
			isa = PBXNativeTarget;
			buildConfigurationList = 5EA77CB22F86379B000178CE /* Build configuration list for PBXNativeTarget "AideaUITests" */;
			buildPhases = (
				5EA77C9E2F86379B000178CE /* Sources */,
				5EA77C9F2F86379B000178CE /* Frameworks */,
				5EA77CA02F86379B000178CE /* Resources */,
			);
			buildRules = (
			);
			dependencies = (
				5EA77CA42F86379B000178CE /* PBXTargetDependency */,
			);
			fileSystemSynchronizedGroups = (
				5EA77CA52F86379B000178CE /* AideaUITests */,
			);
			name = AideaUITests;
			packageProductDependencies = (
			);
			productName = AideaUITests;
			productReference = 5EA77CA22F86379B000178CE /* AideaUITests.xctest */;
			productType = "com.apple.product-type.bundle.ui-testing";
		};
/* End PBXNativeTarget section */

/* Begin PBXProject section */
		5EA77C832F863799000178CE /* Project object */ = {
			isa = PBXProject;
			attributes = {
				BuildIndependentTargetsInParallel = 1;
				LastSwiftUpdateCheck = 2640;
				LastUpgradeCheck = 2640;
				TargetAttributes = {
					5EA77C8A2F863799000178CE = {
						CreatedOnToolsVersion = 26.4;
					};
					5EA77C972F86379B000178CE = {
						CreatedOnToolsVersion = 26.4;
						TestTargetID = 5EA77C8A2F863799000178CE;
					};
					5EA77CA12F86379B000178CE = {
						CreatedOnToolsVersion = 26.4;
						TestTargetID = 5EA77C8A2F863799000178CE;
					};
				};
			};
			buildConfigurationList = 5EA77C862F863799000178CE /* Build configuration list for PBXProject "Aidea" */;
			developmentRegion = en;
			hasScannedForEncodings = 0;
			knownRegions = (
				en,
				Base,
			);
			mainGroup = 5EA77C822F863799000178CE;
			minimizedProjectReferenceProxies = 1;
			packageReferences = (
				5EA77CDB2F8638B3000178CE /* XCRemoteSwiftPackageReference "SwiftTerm" */,
			);
			preferredProjectObjectVersion = 77;
			productRefGroup = 5EA77C8C2F863799000178CE /* Products */;
			projectDirPath = "";
			projectRoot = "";
			targets = (
				5EA77C8A2F863799000178CE /* Aidea */,
				5EA77C972F86379B000178CE /* AideaTests */,
				5EA77CA12F86379B000178CE /* AideaUITests */,
			);
		};
/* End PBXProject section */

/* Begin PBXResourcesBuildPhase section */
		5EA77C892F863799000178CE /* Resources */ = {
			isa = PBXResourcesBuildPhase;
			buildActionMask = 2147483647;
			files = (
				5E0D1F012FD9700000000A02 /* ClaudeAssets in Resources */,
			);
			runOnlyForDeploymentPostprocessing = 0;
		};
		5EA77C962F86379B000178CE /* Resources */ = {
			isa = PBXResourcesBuildPhase;
			buildActionMask = 2147483647;
			files = (
			);
			runOnlyForDeploymentPostprocessing = 0;
		};
		5EA77CA02F86379B000178CE /* Resources */ = {
			isa = PBXResourcesBuildPhase;
			buildActionMask = 2147483647;
			files = (
			);
			runOnlyForDeploymentPostprocessing = 0;
		};
/* End PBXResourcesBuildPhase section */

/* Begin PBXSourcesBuildPhase section */
		5EA77C872F863799000178CE /* Sources */ = {
			isa = PBXSourcesBuildPhase;
			buildActionMask = 2147483647;
			files = (
			);
			runOnlyForDeploymentPostprocessing = 0;
		};
		5EA77C942F86379B000178CE /* Sources */ = {
			isa = PBXSourcesBuildPhase;
			buildActionMask = 2147483647;
			files = (
			);
			runOnlyForDeploymentPostprocessing = 0;
		};
		5EA77C9E2F86379B000178CE /* Sources */ = {
			isa = PBXSourcesBuildPhase;
			buildActionMask = 2147483647;
			files = (
			);
			runOnlyForDeploymentPostprocessing = 0;
		};
/* End PBXSourcesBuildPhase section */

/* Begin PBXTargetDependency section */
		5EA77C9A2F86379B000178CE /* PBXTargetDependency */ = {
			isa = PBXTargetDependency;
			target = 5EA77C8A2F863799000178CE /* Aidea */;
			targetProxy = 5EA77C992F86379B000178CE /* PBXContainerItemProxy */;
		};
		5EA77CA42F86379B000178CE /* PBXTargetDependency */ = {
			isa = PBXTargetDependency;
			target = 5EA77C8A2F863799000178CE /* Aidea */;
			targetProxy = 5EA77CA32F86379B000178CE /* PBXContainerItemProxy */;
		};
/* End PBXTargetDependency section */

/* Begin XCBuildConfiguration section */
		5EA77CAA2F86379B000178CE /* Debug */ = {
			isa = XCBuildConfiguration;
			buildSettings = {
				ALWAYS_SEARCH_USER_PATHS = NO;
				ASSETCATALOG_COMPILER_GENERATE_SWIFT_ASSET_SYMBOL_EXTENSIONS = YES;
				CLANG_ANALYZER_NONNULL = YES;
				CLANG_ANALYZER_NUMBER_OBJECT_CONVERSION = YES_AGGRESSIVE;
				CLANG_CXX_LANGUAGE_STANDARD = "gnu++20";
				CLANG_ENABLE_MODULES = YES;
				CLANG_ENABLE_OBJC_ARC = YES;
				CLANG_ENABLE_OBJC_WEAK = YES;
				CLANG_WARN_BLOCK_CAPTURE_AUTORELEASING = YES;
				CLANG_WARN_BOOL_CONVERSION = YES;
				CLANG_WARN_COMMA = YES;
				CLANG_WARN_CONSTANT_CONVERSION = YES;
				CLANG_WARN_DEPRECATED_OBJC_IMPLEMENTATIONS = YES;
				CLANG_WARN_DIRECT_OBJC_ISA_USAGE = YES_ERROR;
				CLANG_WARN_DOCUMENTATION_COMMENTS = YES;
				CLANG_WARN_EMPTY_BODY = YES;
				CLANG_WARN_ENUM_CONVERSION = YES;
				CLANG_WARN_INFINITE_RECURSION = YES;
				CLANG_WARN_INT_CONVERSION = YES;
				CLANG_WARN_NON_LITERAL_NULL_CONVERSION = YES;
				CLANG_WARN_OBJC_IMPLICIT_RETAIN_SELF = YES;
				CLANG_WARN_OBJC_LITERAL_CONVERSION = YES;
				CLANG_WARN_OBJC_ROOT_CLASS = YES_ERROR;
				CLANG_WARN_QUOTED_INCLUDE_IN_FRAMEWORK_HEADER = YES;
				CLANG_WARN_RANGE_LOOP_ANALYSIS = YES;
				CLANG_WARN_STRICT_PROTOTYPES = YES;
				CLANG_WARN_SUSPICIOUS_MOVE = YES;
				CLANG_WARN_UNGUARDED_AVAILABILITY = YES_AGGRESSIVE;
				CLANG_WARN_UNREACHABLE_CODE = YES;
				CLANG_WARN__DUPLICATE_METHOD_MATCH = YES;
				COPY_PHASE_STRIP = NO;
				DEBUG_INFORMATION_FORMAT = dwarf;
				DEVELOPMENT_TEAM = ELZU7LYJ57;
				ENABLE_STRICT_OBJC_MSGSEND = YES;
				ENABLE_TESTABILITY = YES;
				ENABLE_USER_SCRIPT_SANDBOXING = YES;
				GCC_C_LANGUAGE_STANDARD = gnu17;
				GCC_DYNAMIC_NO_PIC = NO;
				GCC_NO_COMMON_BLOCKS = YES;
				GCC_OPTIMIZATION_LEVEL = 0;
				GCC_PREPROCESSOR_DEFINITIONS = (
					"DEBUG=1",
					"$(inherited)",
				);
				GCC_WARN_64_TO_32_BIT_CONVERSION = YES;
				GCC_WARN_ABOUT_RETURN_TYPE = YES_ERROR;
				GCC_WARN_UNDECLARED_SELECTOR = YES;
				GCC_WARN_UNINITIALIZED_AUTOS = YES_AGGRESSIVE;
				GCC_WARN_UNUSED_FUNCTION = YES;
				GCC_WARN_UNUSED_VARIABLE = YES;
				LOCALIZATION_PREFERS_STRING_CATALOGS = YES;
				MACOSX_DEPLOYMENT_TARGET = 26.3;
				MTL_ENABLE_DEBUG_INFO = INCLUDE_SOURCE;
				MTL_FAST_MATH = YES;
				ONLY_ACTIVE_ARCH = YES;
				SDKROOT = macosx;
				SWIFT_ACTIVE_COMPILATION_CONDITIONS = "DEBUG $(inherited)";
				SWIFT_OPTIMIZATION_LEVEL = "-Onone";
			};
			name = Debug;
		};
		5EA77CAB2F86379B000178CE /* Release */ = {
			isa = XCBuildConfiguration;
			buildSettings = {
				ALWAYS_SEARCH_USER_PATHS = NO;
				ASSETCATALOG_COMPILER_GENERATE_SWIFT_ASSET_SYMBOL_EXTENSIONS = YES;
				CLANG_ANALYZER_NONNULL = YES;
				CLANG_ANALYZER_NUMBER_OBJECT_CONVERSION = YES_AGGRESSIVE;
				CLANG_CXX_LANGUAGE_STANDARD = "gnu++20";
				CLANG_ENABLE_MODULES = YES;
				CLANG_ENABLE_OBJC_ARC = YES;
				CLANG_ENABLE_OBJC_WEAK = YES;
				CLANG_WARN_BLOCK_CAPTURE_AUTORELEASING = YES;
				CLANG_WARN_BOOL_CONVERSION = YES;
				CLANG_WARN_COMMA = YES;
				CLANG_WARN_CONSTANT_CONVERSION = YES;
				CLANG_WARN_DEPRECATED_OBJC_IMPLEMENTATIONS = YES;
				CLANG_WARN_DIRECT_OBJC_ISA_USAGE = YES_ERROR;
				CLANG_WARN_DOCUMENTATION_COMMENTS = YES;
				CLANG_WARN_EMPTY_BODY = YES;
				CLANG_WARN_ENUM_CONVERSION = YES;
				CLANG_WARN_INFINITE_RECURSION = YES;
				CLANG_WARN_INT_CONVERSION = YES;
				CLANG_WARN_NON_LITERAL_NULL_CONVERSION = YES;
				CLANG_WARN_OBJC_IMPLICIT_RETAIN_SELF = YES;
				CLANG_WARN_OBJC_LITERAL_CONVERSION = YES;
				CLANG_WARN_OBJC_ROOT_CLASS = YES_ERROR;
				CLANG_WARN_QUOTED_INCLUDE_IN_FRAMEWORK_HEADER = YES;
				CLANG_WARN_RANGE_LOOP_ANALYSIS = YES;
				CLANG_WARN_STRICT_PROTOTYPES = YES;
				CLANG_WARN_SUSPICIOUS_MOVE = YES;
				CLANG_WARN_UNGUARDED_AVAILABILITY = YES_AGGRESSIVE;
				CLANG_WARN_UNREACHABLE_CODE = YES;
				CLANG_WARN__DUPLICATE_METHOD_MATCH = YES;
				COPY_PHASE_STRIP = NO;
				DEBUG_INFORMATION_FORMAT = "dwarf-with-dsym";
				DEVELOPMENT_TEAM = ELZU7LYJ57;
				ENABLE_NS_ASSERTIONS = NO;
				ENABLE_STRICT_OBJC_MSGSEND = YES;
				ENABLE_USER_SCRIPT_SANDBOXING = YES;
				GCC_C_LANGUAGE_STANDARD = gnu17;
				GCC_NO_COMMON_BLOCKS = YES;
				GCC_WARN_64_TO_32_BIT_CONVERSION = YES;
				GCC_WARN_ABOUT_RETURN_TYPE = YES_ERROR;
				GCC_WARN_UNDECLARED_SELECTOR = YES;
				GCC_WARN_UNINITIALIZED_AUTOS = YES_AGGRESSIVE;
				GCC_WARN_UNUSED_FUNCTION = YES;
				GCC_WARN_UNUSED_VARIABLE = YES;
				LOCALIZATION_PREFERS_STRING_CATALOGS = YES;
				MACOSX_DEPLOYMENT_TARGET = 26.3;
				MTL_ENABLE_DEBUG_INFO = NO;
				MTL_FAST_MATH = YES;
				SDKROOT = macosx;
				SWIFT_COMPILATION_MODE = wholemodule;
			};
			name = Release;
		};
		5EA77CAD2F86379B000178CE /* Debug */ = {
			isa = XCBuildConfiguration;
			buildSettings = {
				ASSETCATALOG_COMPILER_APPICON_NAME = AppIcon;
				ASSETCATALOG_COMPILER_GLOBAL_ACCENT_COLOR_NAME = AccentColor;
				CODE_SIGN_ENTITLEMENTS = Aidea/Aidea.entitlements;
				CODE_SIGN_STYLE = Automatic;
				COMBINE_HIDPI_IMAGES = YES;
				CURRENT_PROJECT_VERSION = 1;
				DEVELOPMENT_TEAM = ELZU7LYJ57;
				ENABLE_APP_SANDBOX = NO;
				ENABLE_HARDENED_RUNTIME = YES;
				ENABLE_PREVIEWS = YES;
				ENABLE_USER_SELECTED_FILES = readonly;
				GENERATE_INFOPLIST_FILE = NO;
				INFOPLIST_FILE = Aidea/Info.plist;
				LD_RUNPATH_SEARCH_PATHS = (
					"$(inherited)",
					"@executable_path/../Frameworks",
				);
				MACOSX_DEPLOYMENT_TARGET = 15.6;
				MARKETING_VERSION = 1.0;
				PRODUCT_BUNDLE_IDENTIFIER = jp.ruri.Aidea;
				PRODUCT_NAME = "$(TARGET_NAME)";
				REGISTER_APP_GROUPS = YES;
				STRING_CATALOG_GENERATE_SYMBOLS = YES;
				SWIFT_APPROACHABLE_CONCURRENCY = YES;
				SWIFT_DEFAULT_ACTOR_ISOLATION = MainActor;
				SWIFT_EMIT_LOC_STRINGS = YES;
				SWIFT_UPCOMING_FEATURE_MEMBER_IMPORT_VISIBILITY = YES;
				SWIFT_VERSION = 5.0;
			};
			name = Debug;
		};
		5EA77CAE2F86379B000178CE /* Release */ = {
			isa = XCBuildConfiguration;
			buildSettings = {
				ASSETCATALOG_COMPILER_APPICON_NAME = AppIcon;
				ASSETCATALOG_COMPILER_GLOBAL_ACCENT_COLOR_NAME = AccentColor;
				CODE_SIGN_ENTITLEMENTS = Aidea/Aidea.entitlements;
				CODE_SIGN_STYLE = Automatic;
				COMBINE_HIDPI_IMAGES = YES;
				CURRENT_PROJECT_VERSION = 1;
				DEVELOPMENT_TEAM = ELZU7LYJ57;
				ENABLE_APP_SANDBOX = NO;
				ENABLE_HARDENED_RUNTIME = YES;
				ENABLE_PREVIEWS = YES;
				ENABLE_USER_SELECTED_FILES = readonly;
				GENERATE_INFOPLIST_FILE = NO;
				INFOPLIST_FILE = Aidea/Info.plist;
				LD_RUNPATH_SEARCH_PATHS = (
					"$(inherited)",
					"@executable_path/../Frameworks",
				);
				MACOSX_DEPLOYMENT_TARGET = 15.6;
				MARKETING_VERSION = 1.0;
				PRODUCT_BUNDLE_IDENTIFIER = jp.ruri.Aidea;
				PRODUCT_NAME = "$(TARGET_NAME)";
				REGISTER_APP_GROUPS = YES;
				STRING_CATALOG_GENERATE_SYMBOLS = YES;
				SWIFT_APPROACHABLE_CONCURRENCY = YES;
				SWIFT_DEFAULT_ACTOR_ISOLATION = MainActor;
				SWIFT_EMIT_LOC_STRINGS = YES;
				SWIFT_UPCOMING_FEATURE_MEMBER_IMPORT_VISIBILITY = YES;
				SWIFT_VERSION = 5.0;
			};
			name = Release;
		};
		5EA77CB02F86379B000178CE /* Debug */ = {
			isa = XCBuildConfiguration;
			buildSettings = {
				BUNDLE_LOADER = "$(TEST_HOST)";
				CODE_SIGN_STYLE = Automatic;
				CURRENT_PROJECT_VERSION = 1;
				DEVELOPMENT_TEAM = ELZU7LYJ57;
				GENERATE_INFOPLIST_FILE = YES;
				MACOSX_DEPLOYMENT_TARGET = 15.6;
				MARKETING_VERSION = 1.0;
				PRODUCT_BUNDLE_IDENTIFIER = jp.ruri.AideaTests;
				PRODUCT_NAME = "$(TARGET_NAME)";
				STRING_CATALOG_GENERATE_SYMBOLS = NO;
				SWIFT_APPROACHABLE_CONCURRENCY = YES;
				SWIFT_EMIT_LOC_STRINGS = NO;
				SWIFT_UPCOMING_FEATURE_MEMBER_IMPORT_VISIBILITY = YES;
				SWIFT_VERSION = 5.0;
				TEST_HOST = "$(BUILT_PRODUCTS_DIR)/Aidea.app/$(BUNDLE_EXECUTABLE_FOLDER_PATH)/Aidea";
			};
			name = Debug;
		};
		5EA77CB12F86379B000178CE /* Release */ = {
			isa = XCBuildConfiguration;
			buildSettings = {
				BUNDLE_LOADER = "$(TEST_HOST)";
				CODE_SIGN_STYLE = Automatic;
				CURRENT_PROJECT_VERSION = 1;
				DEVELOPMENT_TEAM = ELZU7LYJ57;
				GENERATE_INFOPLIST_FILE = YES;
				MACOSX_DEPLOYMENT_TARGET = 15.6;
				MARKETING_VERSION = 1.0;
				PRODUCT_BUNDLE_IDENTIFIER = jp.ruri.AideaTests;
				PRODUCT_NAME = "$(TARGET_NAME)";
				STRING_CATALOG_GENERATE_SYMBOLS = NO;
				SWIFT_APPROACHABLE_CONCURRENCY = YES;
				SWIFT_EMIT_LOC_STRINGS = NO;
				SWIFT_UPCOMING_FEATURE_MEMBER_IMPORT_VISIBILITY = YES;
				SWIFT_VERSION = 5.0;
				TEST_HOST = "$(BUILT_PRODUCTS_DIR)/Aidea.app/$(BUNDLE_EXECUTABLE_FOLDER_PATH)/Aidea";
			};
			name = Release;
		};
		5EA77CB32F86379B000178CE /* Debug */ = {
			isa = XCBuildConfiguration;
			buildSettings = {
				CODE_SIGN_STYLE = Automatic;
				CURRENT_PROJECT_VERSION = 1;
				DEVELOPMENT_TEAM = ELZU7LYJ57;
				GENERATE_INFOPLIST_FILE = YES;
				MARKETING_VERSION = 1.0;
				PRODUCT_BUNDLE_IDENTIFIER = jp.ruri.AideaUITests;
				PRODUCT_NAME = "$(TARGET_NAME)";
				STRING_CATALOG_GENERATE_SYMBOLS = NO;
				SWIFT_APPROACHABLE_CONCURRENCY = YES;
				SWIFT_EMIT_LOC_STRINGS = NO;
				SWIFT_UPCOMING_FEATURE_MEMBER_IMPORT_VISIBILITY = YES;
				SWIFT_VERSION = 5.0;
				TEST_TARGET_NAME = Aidea;
			};
			name = Debug;
		};
		5EA77CB42F86379B000178CE /* Release */ = {
			isa = XCBuildConfiguration;
			buildSettings = {
				CODE_SIGN_STYLE = Automatic;
				CURRENT_PROJECT_VERSION = 1;
				DEVELOPMENT_TEAM = ELZU7LYJ57;
				GENERATE_INFOPLIST_FILE = YES;
				MARKETING_VERSION = 1.0;
				PRODUCT_BUNDLE_IDENTIFIER = jp.ruri.AideaUITests;
				PRODUCT_NAME = "$(TARGET_NAME)";
				STRING_CATALOG_GENERATE_SYMBOLS = NO;
				SWIFT_APPROACHABLE_CONCURRENCY = YES;
				SWIFT_EMIT_LOC_STRINGS = NO;
				SWIFT_UPCOMING_FEATURE_MEMBER_IMPORT_VISIBILITY = YES;
				SWIFT_VERSION = 5.0;
				TEST_TARGET_NAME = Aidea;
			};
			name = Release;
		};
/* End XCBuildConfiguration section */

/* Begin XCConfigurationList section */
		5EA77C862F863799000178CE /* Build configuration list for PBXProject "Aidea" */ = {
			isa = XCConfigurationList;
			buildConfigurations = (
				5EA77CAA2F86379B000178CE /* Debug */,
				5EA77CAB2F86379B000178CE /* Release */,
			);
			defaultConfigurationIsVisible = 0;
			defaultConfigurationName = Release;
		};
		5EA77CAC2F86379B000178CE /* Build configuration list for PBXNativeTarget "Aidea" */ = {
			isa = XCConfigurationList;
			buildConfigurations = (
				5EA77CAD2F86379B000178CE /* Debug */,
				5EA77CAE2F86379B000178CE /* Release */,
			);
			defaultConfigurationIsVisible = 0;
			defaultConfigurationName = Release;
		};
		5EA77CAF2F86379B000178CE /* Build configuration list for PBXNativeTarget "AideaTests" */ = {
			isa = XCConfigurationList;
			buildConfigurations = (
				5EA77CB02F86379B000178CE /* Debug */,
				5EA77CB12F86379B000178CE /* Release */,
			);
			defaultConfigurationIsVisible = 0;
			defaultConfigurationName = Release;
		};
		5EA77CB22F86379B000178CE /* Build configuration list for PBXNativeTarget "AideaUITests" */ = {
			isa = XCConfigurationList;
			buildConfigurations = (
				5EA77CB32F86379B000178CE /* Debug */,
				5EA77CB42F86379B000178CE /* Release */,
			);
			defaultConfigurationIsVisible = 0;
			defaultConfigurationName = Release;
		};
/* End XCConfigurationList section */

/* Begin XCRemoteSwiftPackageReference section */
		5EA77CDB2F8638B3000178CE /* XCRemoteSwiftPackageReference "SwiftTerm" */ = {
			isa = XCRemoteSwiftPackageReference;
			repositoryURL = "https://github.com/migueldeicaza/SwiftTerm";
			requirement = {
				kind = upToNextMajorVersion;
				minimumVersion = 1.5.0;
			};
		};
/* End XCRemoteSwiftPackageReference section */

/* Begin XCSwiftPackageProductDependency section */
		5EA77CDD2F8639B7000178CE /* SwiftTerm */ = {
			isa = XCSwiftPackageProductDependency;
			package = 5EA77CDB2F8638B3000178CE /* XCRemoteSwiftPackageReference "SwiftTerm" */;
			productName = SwiftTerm;
		};
/* End XCSwiftPackageProductDependency section */
	};
	rootObject = 5EA77C832F863799000178CE /* Project object */;
}
